
Microsoft Visual Studio Solution File, Format Version 12.00
# Visual Studio Version 17
VisualStudioVersion = 17.13.35806.99
MinimumVisualStudioVersion = 10.0.40219.1
Project("{FAE04EC0-301F-11D3-BF4B-00C04F79EFBC}") = "Speccon.Learnership.FrontEnd", "Speccon.Learnership.FrontEnd.csproj", "{B2805EA7-B278-4F47-A9FE-F74DB73C73E0}"
EndProject
Global
	GlobalSection(SolutionConfigurationPlatforms) = preSolution
		Debug|Any CPU = Debug|Any CPU
		Release|Any CPU = Release|Any CPU
	EndGlobalSection
	GlobalSection(ProjectConfigurationPlatforms) = postSolution
		{B2805EA7-B278-4F47-A9FE-F74DB73C73E0}.Debug|Any CPU.ActiveCfg = Debug|Any CPU
		{B2805EA7-B278-4F47-A9FE-F74DB73C73E0}.Debug|Any CPU.Build.0 = Debug|Any CPU
		{B2805EA7-B278-4F47-A9FE-F74DB73C73E0}.Release|Any CPU.ActiveCfg = Release|Any CPU
		{B2805EA7-B278-4F47-A9FE-F74DB73C73E0}.Release|Any CPU.Build.0 = Release|Any CPU
	EndGlobalSection
	GlobalSection(SolutionProperties) = preSolution
		HideSolutionNode = FALSE
	EndGlobalSection
	GlobalSection(ExtensibilityGlobals) = postSolution
		SolutionGuid = {A40FFF24-758D-4C8F-80BA-0CCADCBCECDB}
	EndGlobalSection
EndGlobal
